<Solution>
  <Project Path="THSDotNetTraining.AdoDotNetSample/THSDotNetTraining.AdoDotNetSample.csproj" />
  <Project Path="THSDotNetTraining.DapperSample/THSDotNetTraining.DapperSample.csproj" />
  <Project Path="THSDotNetTraining.EFCoreSample/THSDotNetTraining.EFCoreSample.csproj" Id="765a2ba9-80d3-47a2-b02b-355395928002" />
</Solution>
