<Solution>
  <Project Path="THSDotNetInternshipTraining.AdoDotNetSample/THSDotNetInternshipTraining.AdoDotNetSample.csproj" />
  <Project Path="THSDotNetInternshipTraining.DapperSample/THSDotNetInternshipTraining.DapperSample.csproj" />
  <Project Path="THSDotNetInternshipTraining.EFCoreSample/THSDotNetInternshipTraining.EFCoreSample.csproj" />
</Solution>
